
Microsoft Visual Studio Solution File, Format Version 12.00
# Visual Studio Version 17
VisualStudioVersion = 17.6.33829.357
MinimumVisualStudioVersion = 10.0.40219.1
Project("{FAE04EC0-301F-11D3-BF4B-00C04F79EFBC}") = "stage3", "stage3\stage3.csproj", "{46DBA757-4242-4F84-BA85-E96ADD441122}"
EndProject
Global
	GlobalSection(SolutionConfigurationPlatforms) = preSolution
		Debug|Any CPU = Debug|Any CPU
		Release|Any CPU = Release|Any CPU
	EndGlobalSection
	GlobalSection(ProjectConfigurationPlatforms) = postSolution
		{46DBA757-4242-4F84-BA85-E96ADD441122}.Debug|Any CPU.ActiveCfg = Debug|Any CPU
		{46DBA757-4242-4F84-BA85-E96ADD441122}.Debug|Any CPU.Build.0 = Debug|Any CPU
		{46DBA757-4242-4F84-BA85-E96ADD441122}.Release|Any CPU.ActiveCfg = Release|Any CPU
		{46DBA757-4242-4F84-BA85-E96ADD441122}.Release|Any CPU.Build.0 = Release|Any CPU
	EndGlobalSection
	GlobalSection(SolutionProperties) = preSolution
		HideSolutionNode = FALSE
	EndGlobalSection
	GlobalSection(ExtensibilityGlobals) = postSolution
		SolutionGuid = {24083E52-96FE-457A-AE85-89F36DD566C7}
	EndGlobalSection
EndGlobal
